
Microsoft Visual Studio Solution File, Format Version 12.00
# Visual Studio Version 16
VisualStudioVersion = 16.0.28917.181
MinimumVisualStudioVersion = 10.0.40219.1
Project("{888888A0-9F3D-457C-B088-3A5042F75D52}") = "Flask_Test", "Flask_Test\Flask_Test.pyproj", "{4CC4EF4F-B5FB-4DC2-823D-807AD89DE43F}"
EndProject
Global
	GlobalSection(SolutionConfigurationPlatforms) = preSolution
		Debug|Any CPU = Debug|Any CPU
		Release|Any CPU = Release|Any CPU
	EndGlobalSection
	GlobalSection(ProjectConfigurationPlatforms) = postSolution
		{4CC4EF4F-B5FB-4DC2-823D-807AD89DE43F}.Debug|Any CPU.ActiveCfg = Debug|Any CPU
		{4CC4EF4F-B5FB-4DC2-823D-807AD89DE43F}.Debug|Any CPU.Build.0 = Debug|Any CPU
		{4CC4EF4F-B5FB-4DC2-823D-807AD89DE43F}.Release|Any CPU.ActiveCfg = Release|Any CPU
		{4CC4EF4F-B5FB-4DC2-823D-807AD89DE43F}.Release|Any CPU.Build.0 = Release|Any CPU
	EndGlobalSection
	GlobalSection(SolutionProperties) = preSolution
		HideSolutionNode = FALSE
	EndGlobalSection
	GlobalSection(ExtensibilityGlobals) = postSolution
		SolutionGuid = {692374DF-0D08-43D1-9F0C-486CA2B1475B}
	EndGlobalSection
EndGlobal
